// !$*UTF8*$!
{
	archiveVersion = 1;
	classes = {
	};
	objectVersion = 50;
	objects = {

/* Begin PBXBuildFile section */
		5265AEED240C2D0D004FBA16 /* CellAudio.swift in Sources */ = {isa = PBXBuildFile; fileRef = 5265AEEB240C2D0D004FBA16 /* CellAudio.swift */; };
		5265AEEE240C2D0D004FBA16 /* CellAudio.xib in Resources */ = {isa = PBXBuildFile; fileRef = 5265AEEC240C2D0D004FBA16 /* CellAudio.xib */; };
		528C5B1823F863EC00E0EF99 /* Int.swift in Sources */ = {isa = PBXBuildFile; fileRef = 528C5B1723F863EC00E0EF99 /* Int.swift */; };
		528F2D9524101D4600ED220C /* TickCell.swift in Sources */ = {isa = PBXBuildFile; fileRef = 528F2D9324101D4600ED220C /* TickCell.swift */; };
		528F2D9624101D4600ED220C /* TickCell.xib in Resources */ = {isa = PBXBuildFile; fileRef = 528F2D9424101D4600ED220C /* TickCell.xib */; };
		528F2D992410235D00ED220C /* ManagerRecord.swift in Sources */ = {isa = PBXBuildFile; fileRef = 528F2D982410235D00ED220C /* ManagerRecord.swift */; };
		5292169223F96B2C00A96092 /* CALayer.swift in Sources */ = {isa = PBXBuildFile; fileRef = 5292169123F96B2C00A96092 /* CALayer.swift */; };
		CE80E58723F816AF0084FE93 /* UIScrollView.swift in Sources */ = {isa = PBXBuildFile; fileRef = CE80E57223F816AF0084FE93 /* UIScrollView.swift */; };
		CE80E58823F816AF0084FE93 /* UIWindows.swift in Sources */ = {isa = PBXBuildFile; fileRef = CE80E57323F816AF0084FE93 /* UIWindows.swift */; };
		CE80E58923F816AF0084FE93 /* UIView.swift in Sources */ = {isa = PBXBuildFile; fileRef = CE80E57423F816AF0084FE93 /* UIView.swift */; };
		CE80E58A23F816AF0084FE93 /* UICollectionView.swift in Sources */ = {isa = PBXBuildFile; fileRef = CE80E57523F816AF0084FE93 /* UICollectionView.swift */; };
		CE80E58B23F816AF0084FE93 /* UITableView.swift in Sources */ = {isa = PBXBuildFile; fileRef = CE80E57623F816AF0084FE93 /* UITableView.swift */; };
		CE80E58C23F816AF0084FE93 /* UIDevice.swift in Sources */ = {isa = PBXBuildFile; fileRef = CE80E57723F816AF0084FE93 /* UIDevice.swift */; };
		CE80E58D23F816AF0084FE93 /* UITextField.swift in Sources */ = {isa = PBXBuildFile; fileRef = CE80E57823F816AF0084FE93 /* UITextField.swift */; };
		CE80E58E23F816AF0084FE93 /* UIImageViewAndUIImage.swift in Sources */ = {isa = PBXBuildFile; fileRef = CE80E57923F816AF0084FE93 /* UIImageViewAndUIImage.swift */; };
		CE80E58F23F816AF0084FE93 /* UIButton.swift in Sources */ = {isa = PBXBuildFile; fileRef = CE80E57A23F816AF0084FE93 /* UIButton.swift */; };
		CE80E59023F816AF0084FE93 /* UIViewController.swift in Sources */ = {isa = PBXBuildFile; fileRef = CE80E57B23F816AF0084FE93 /* UIViewController.swift */; };
		CE80E59123F816AF0084FE93 /* UILabel.swift in Sources */ = {isa = PBXBuildFile; fileRef = CE80E57C23F816AF0084FE93 /* UILabel.swift */; };
		CE80E59223F816AF0084FE93 /* UISegmentedControl.swift in Sources */ = {isa = PBXBuildFile; fileRef = CE80E57D23F816AF0084FE93 /* UISegmentedControl.swift */; };
		CE80E59423F816AF0084FE93 /* Date.swift in Sources */ = {isa = PBXBuildFile; fileRef = CE80E58023F816AF0084FE93 /* Date.swift */; };
		CE80E59523F816AF0084FE93 /* Array.swift in Sources */ = {isa = PBXBuildFile; fileRef = CE80E58123F816AF0084FE93 /* Array.swift */; };
		CE80E59623F816AF0084FE93 /* FloatAbdDouble.swift in Sources */ = {isa = PBXBuildFile; fileRef = CE80E58223F816AF0084FE93 /* FloatAbdDouble.swift */; };
		CE80E59723F816AF0084FE93 /* StringAndCrypto.swift in Sources */ = {isa = PBXBuildFile; fileRef = CE80E58323F816AF0084FE93 /* StringAndCrypto.swift */; };
		CE80E59823F816AF0084FE93 /* Timer.swift in Sources */ = {isa = PBXBuildFile; fileRef = CE80E58423F816AF0084FE93 /* Timer.swift */; };
		CE80E59923F816AF0084FE93 /* NSObject.swift in Sources */ = {isa = PBXBuildFile; fileRef = CE80E58523F816AF0084FE93 /* NSObject.swift */; };
		CE80E59A23F816AF0084FE93 /* Utils.swift in Sources */ = {isa = PBXBuildFile; fileRef = CE80E58623F816AF0084FE93 /* Utils.swift */; };
		CE80E5A023F817A20084FE93 /* Vibro.swift in Sources */ = {isa = PBXBuildFile; fileRef = CE80E59D23F817A10084FE93 /* Vibro.swift */; };
		CE80E5A123F817A20084FE93 /* Constats.swift in Sources */ = {isa = PBXBuildFile; fileRef = CE80E59E23F817A10084FE93 /* Constats.swift */; };
		CE80E5A223F817A20084FE93 /* SupportNotification.swift in Sources */ = {isa = PBXBuildFile; fileRef = CE80E59F23F817A20084FE93 /* SupportNotification.swift */; };
		CEA51BF523FAC47800B307FF /* CollectionTiks.swift in Sources */ = {isa = PBXBuildFile; fileRef = CEA51BF423FAC47800B307FF /* CollectionTiks.swift */; };
		CEF4477723F815270085EFED /* AppDelegate.swift in Sources */ = {isa = PBXBuildFile; fileRef = CEF4477623F815270085EFED /* AppDelegate.swift */; };
		CEF4477923F815270085EFED /* ViewController.swift in Sources */ = {isa = PBXBuildFile; fileRef = CEF4477823F815270085EFED /* ViewController.swift */; };
		CEF4477C23F815270085EFED /* Main.storyboard in Resources */ = {isa = PBXBuildFile; fileRef = CEF4477A23F815270085EFED /* Main.storyboard */; };
		CEF4477E23F815290085EFED /* Assets.xcassets in Resources */ = {isa = PBXBuildFile; fileRef = CEF4477D23F815290085EFED /* Assets.xcassets */; };
		CEF4478123F815290085EFED /* LaunchScreen.storyboard in Resources */ = {isa = PBXBuildFile; fileRef = CEF4477F23F815290085EFED /* LaunchScreen.storyboard */; };
/* End PBXBuildFile section */

/* Begin PBXFileReference section */
		5265AEEB240C2D0D004FBA16 /* CellAudio.swift */ = {isa = PBXFileReference; lastKnownFileType = sourcecode.swift; path = CellAudio.swift; sourceTree = "<group>"; };
		5265AEEC240C2D0D004FBA16 /* CellAudio.xib */ = {isa = PBXFileReference; lastKnownFileType = file.xib; path = CellAudio.xib; sourceTree = "<group>"; };
		528C5B1723F863EC00E0EF99 /* Int.swift */ = {isa = PBXFileReference; lastKnownFileType = sourcecode.swift; path = Int.swift; sourceTree = "<group>"; };
		528F2D9324101D4600ED220C /* TickCell.swift */ = {isa = PBXFileReference; lastKnownFileType = sourcecode.swift; path = TickCell.swift; sourceTree = "<group>"; };
		528F2D9424101D4600ED220C /* TickCell.xib */ = {isa = PBXFileReference; lastKnownFileType = file.xib; path = TickCell.xib; sourceTree = "<group>"; };
		528F2D982410235D00ED220C /* ManagerRecord.swift */ = {isa = PBXFileReference; lastKnownFileType = sourcecode.swift; path = ManagerRecord.swift; sourceTree = "<group>"; };
		5292169123F96B2C00A96092 /* CALayer.swift */ = {isa = PBXFileReference; lastKnownFileType = sourcecode.swift; path = CALayer.swift; sourceTree = "<group>"; };
		CE80E57223F816AF0084FE93 /* UIScrollView.swift */ = {isa = PBXFileReference; fileEncoding = 4; lastKnownFileType = sourcecode.swift; path = UIScrollView.swift; sourceTree = "<group>"; };
		CE80E57323F816AF0084FE93 /* UIWindows.swift */ = {isa = PBXFileReference; fileEncoding = 4; lastKnownFileType = sourcecode.swift; path = UIWindows.swift; sourceTree = "<group>"; };
		CE80E57423F816AF0084FE93 /* UIView.swift */ = {isa = PBXFileReference; fileEncoding = 4; lastKnownFileType = sourcecode.swift; path = UIView.swift; sourceTree = "<group>"; };
		CE80E57523F816AF0084FE93 /* UICollectionView.swift */ = {isa = PBXFileReference; fileEncoding = 4; lastKnownFileType = sourcecode.swift; path = UICollectionView.swift; sourceTree = "<group>"; };
		CE80E57623F816AF0084FE93 /* UITableView.swift */ = {isa = PBXFileReference; fileEncoding = 4; lastKnownFileType = sourcecode.swift; path = UITableView.swift; sourceTree = "<group>"; };
		CE80E57723F816AF0084FE93 /* UIDevice.swift */ = {isa = PBXFileReference; fileEncoding = 4; lastKnownFileType = sourcecode.swift; path = UIDevice.swift; sourceTree = "<group>"; };
		CE80E57823F816AF0084FE93 /* UITextField.swift */ = {isa = PBXFileReference; fileEncoding = 4; lastKnownFileType = sourcecode.swift; path = UITextField.swift; sourceTree = "<group>"; };
		CE80E57923F816AF0084FE93 /* UIImageViewAndUIImage.swift */ = {isa = PBXFileReference; fileEncoding = 4; lastKnownFileType = sourcecode.swift; path = UIImageViewAndUIImage.swift; sourceTree = "<group>"; };
		CE80E57A23F816AF0084FE93 /* UIButton.swift */ = {isa = PBXFileReference; fileEncoding = 4; lastKnownFileType = sourcecode.swift; path = UIButton.swift; sourceTree = "<group>"; };
		CE80E57B23F816AF0084FE93 /* UIViewController.swift */ = {isa = PBXFileReference; fileEncoding = 4; lastKnownFileType = sourcecode.swift; path = UIViewController.swift; sourceTree = "<group>"; };
		CE80E57C23F816AF0084FE93 /* UILabel.swift */ = {isa = PBXFileReference; fileEncoding = 4; lastKnownFileType = sourcecode.swift; path = UILabel.swift; sourceTree = "<group>"; };
		CE80E57D23F816AF0084FE93 /* UISegmentedControl.swift */ = {isa = PBXFileReference; fileEncoding = 4; lastKnownFileType = sourcecode.swift; path = UISegmentedControl.swift; sourceTree = "<group>"; };
		CE80E58023F816AF0084FE93 /* Date.swift */ = {isa = PBXFileReference; fileEncoding = 4; lastKnownFileType = sourcecode.swift; path = Date.swift; sourceTree = "<group>"; };
		CE80E58123F816AF0084FE93 /* Array.swift */ = {isa = PBXFileReference; fileEncoding = 4; lastKnownFileType = sourcecode.swift; path = Array.swift; sourceTree = "<group>"; };
		CE80E58223F816AF0084FE93 /* FloatAbdDouble.swift */ = {isa = PBXFileReference; fileEncoding = 4; lastKnownFileType = sourcecode.swift; path = FloatAbdDouble.swift; sourceTree = "<group>"; };
		CE80E58323F816AF0084FE93 /* StringAndCrypto.swift */ = {isa = PBXFileReference; fileEncoding = 4; lastKnownFileType = sourcecode.swift; path = StringAndCrypto.swift; sourceTree = "<group>"; };
		CE80E58423F816AF0084FE93 /* Timer.swift */ = {isa = PBXFileReference; fileEncoding = 4; lastKnownFileType = sourcecode.swift; path = Timer.swift; sourceTree = "<group>"; };
		CE80E58523F816AF0084FE93 /* NSObject.swift */ = {isa = PBXFileReference; fileEncoding = 4; lastKnownFileType = sourcecode.swift; path = NSObject.swift; sourceTree = "<group>"; };
		CE80E58623F816AF0084FE93 /* Utils.swift */ = {isa = PBXFileReference; fileEncoding = 4; lastKnownFileType = sourcecode.swift; path = Utils.swift; sourceTree = "<group>"; };
		CE80E59D23F817A10084FE93 /* Vibro.swift */ = {isa = PBXFileReference; fileEncoding = 4; lastKnownFileType = sourcecode.swift; path = Vibro.swift; sourceTree = "<group>"; };
		CE80E59E23F817A10084FE93 /* Constats.swift */ = {isa = PBXFileReference; fileEncoding = 4; lastKnownFileType = sourcecode.swift; path = Constats.swift; sourceTree = "<group>"; };
		CE80E59F23F817A20084FE93 /* SupportNotification.swift */ = {isa = PBXFileReference; fileEncoding = 4; lastKnownFileType = sourcecode.swift; path = SupportNotification.swift; sourceTree = "<group>"; };
		CEA51BF423FAC47800B307FF /* CollectionTiks.swift */ = {isa = PBXFileReference; lastKnownFileType = sourcecode.swift; path = CollectionTiks.swift; sourceTree = "<group>"; };
		CEF4477323F815270085EFED /* Sound recording.app */ = {isa = PBXFileReference; explicitFileType = wrapper.application; includeInIndex = 0; path = "Sound recording.app"; sourceTree = BUILT_PRODUCTS_DIR; };
		CEF4477623F815270085EFED /* AppDelegate.swift */ = {isa = PBXFileReference; lastKnownFileType = sourcecode.swift; path = AppDelegate.swift; sourceTree = "<group>"; };
		CEF4477823F815270085EFED /* ViewController.swift */ = {isa = PBXFileReference; lastKnownFileType = sourcecode.swift; path = ViewController.swift; sourceTree = "<group>"; };
		CEF4477B23F815270085EFED /* Base */ = {isa = PBXFileReference; lastKnownFileType = file.storyboard; name = Base; path = Base.lproj/Main.storyboard; sourceTree = "<group>"; };
		CEF4477D23F815290085EFED /* Assets.xcassets */ = {isa = PBXFileReference; lastKnownFileType = folder.assetcatalog; path = Assets.xcassets; sourceTree = "<group>"; };
		CEF4478023F815290085EFED /* Base */ = {isa = PBXFileReference; lastKnownFileType = file.storyboard; name = Base; path = Base.lproj/LaunchScreen.storyboard; sourceTree = "<group>"; };
		CEF4478223F815290085EFED /* Info.plist */ = {isa = PBXFileReference; lastKnownFileType = text.plist.xml; path = Info.plist; sourceTree = "<group>"; };
/* End PBXFileReference section */

/* Begin PBXFrameworksBuildPhase section */
		CEF4477023F815270085EFED /* Frameworks */ = {
			isa = PBXFrameworksBuildPhase;
			buildActionMask = 2147483647;
			files = (
			);
			runOnlyForDeploymentPostprocessing = 0;
		};
/* End PBXFrameworksBuildPhase section */

/* Begin PBXGroup section */
		5265AEE3240C26AC004FBA16 /* CollectionTiks */ = {
			isa = PBXGroup;
			children = (
				CEA51BF423FAC47800B307FF /* CollectionTiks.swift */,
				528F2D9324101D4600ED220C /* TickCell.swift */,
				528F2D9424101D4600ED220C /* TickCell.xib */,
			);
			path = CollectionTiks;
			sourceTree = "<group>";
		};
		5265AEE8240C2735004FBA16 /* CellAudio */ = {
			isa = PBXGroup;
			children = (
				5265AEEB240C2D0D004FBA16 /* CellAudio.swift */,
				5265AEEC240C2D0D004FBA16 /* CellAudio.xib */,
			);
			path = CellAudio;
			sourceTree = "<group>";
		};
		528F2D972410232100ED220C /* Managers */ = {
			isa = PBXGroup;
			children = (
				528F2D982410235D00ED220C /* ManagerRecord.swift */,
			);
			path = Managers;
			sourceTree = "<group>";
		};
		CE80E57023F816AF0084FE93 /* Extensions */ = {
			isa = PBXGroup;
			children = (
				CE80E57123F816AF0084FE93 /* UI */,
				CE80E57F23F816AF0084FE93 /* Foundation */,
				CE80E58623F816AF0084FE93 /* Utils.swift */,
			);
			path = Extensions;
			sourceTree = "<group>";
		};
		CE80E57123F816AF0084FE93 /* UI */ = {
			isa = PBXGroup;
			children = (
				CE80E57223F816AF0084FE93 /* UIScrollView.swift */,
				CE80E57323F816AF0084FE93 /* UIWindows.swift */,
				5292169123F96B2C00A96092 /* CALayer.swift */,
				CE80E57423F816AF0084FE93 /* UIView.swift */,
				CE80E57523F816AF0084FE93 /* UICollectionView.swift */,
				CE80E57623F816AF0084FE93 /* UITableView.swift */,
				CE80E57723F816AF0084FE93 /* UIDevice.swift */,
				CE80E57823F816AF0084FE93 /* UITextField.swift */,
				CE80E57923F816AF0084FE93 /* UIImageViewAndUIImage.swift */,
				CE80E57A23F816AF0084FE93 /* UIButton.swift */,
				CE80E57B23F816AF0084FE93 /* UIViewController.swift */,
				CE80E57C23F816AF0084FE93 /* UILabel.swift */,
				CE80E57D23F816AF0084FE93 /* UISegmentedControl.swift */,
			);
			path = UI;
			sourceTree = "<group>";
		};
		CE80E57F23F816AF0084FE93 /* Foundation */ = {
			isa = PBXGroup;
			children = (
				CE80E58023F816AF0084FE93 /* Date.swift */,
				CE80E58123F816AF0084FE93 /* Array.swift */,
				CE80E58223F816AF0084FE93 /* FloatAbdDouble.swift */,
				CE80E58323F816AF0084FE93 /* StringAndCrypto.swift */,
				CE80E58423F816AF0084FE93 /* Timer.swift */,
				CE80E58523F816AF0084FE93 /* NSObject.swift */,
				528C5B1723F863EC00E0EF99 /* Int.swift */,
			);
			path = Foundation;
			sourceTree = "<group>";
		};
		CE80E59B23F816B50084FE93 /* Resourses */ = {
			isa = PBXGroup;
			children = (
				CEF4477623F815270085EFED /* AppDelegate.swift */,
				CEF4477D23F815290085EFED /* Assets.xcassets */,
				CEF4477F23F815290085EFED /* LaunchScreen.storyboard */,
				CEF4478223F815290085EFED /* Info.plist */,
			);
			path = Resourses;
			sourceTree = "<group>";
		};
		CE80E59C23F8178B0084FE93 /* Support */ = {
			isa = PBXGroup;
			children = (
				CE80E59E23F817A10084FE93 /* Constats.swift */,
				CE80E59F23F817A20084FE93 /* SupportNotification.swift */,
				CE80E59D23F817A10084FE93 /* Vibro.swift */,
			);
			path = Support;
			sourceTree = "<group>";
		};
		CE80E5A323F81AFF0084FE93 /* Controllers */ = {
			isa = PBXGroup;
			children = (
				CEF4477823F815270085EFED /* ViewController.swift */,
				CEF4477A23F815270085EFED /* Main.storyboard */,
			);
			path = Controllers;
			sourceTree = "<group>";
		};
		CE80E5A423F81B420084FE93 /* Views */ = {
			isa = PBXGroup;
			children = (
				5265AEE3240C26AC004FBA16 /* CollectionTiks */,
				5265AEE8240C2735004FBA16 /* CellAudio */,
			);
			path = Views;
			sourceTree = "<group>";
		};
		CEF4476A23F815270085EFED = {
			isa = PBXGroup;
			children = (
				CEF4477523F815270085EFED /* Sound recording */,
				CEF4477423F815270085EFED /* Products */,
			);
			sourceTree = "<group>";
		};
		CEF4477423F815270085EFED /* Products */ = {
			isa = PBXGroup;
			children = (
				CEF4477323F815270085EFED /* Sound recording.app */,
			);
			name = Products;
			sourceTree = "<group>";
		};
		CEF4477523F815270085EFED /* Sound recording */ = {
			isa = PBXGroup;
			children = (
				CE80E59B23F816B50084FE93 /* Resourses */,
				CE80E5A323F81AFF0084FE93 /* Controllers */,
				CE80E5A423F81B420084FE93 /* Views */,
				528F2D972410232100ED220C /* Managers */,
				CE80E59C23F8178B0084FE93 /* Support */,
				CE80E57023F816AF0084FE93 /* Extensions */,
			);
			path = "Sound recording";
			sourceTree = "<group>";
		};
/* End PBXGroup section */

/* Begin PBXNativeTarget section */
		CEF4477223F815270085EFED /* Sound recording */ = {
			isa = PBXNativeTarget;
			buildConfigurationList = CEF4478523F815290085EFED /* Build configuration list for PBXNativeTarget "Sound recording" */;
			buildPhases = (
				CEF4476F23F815270085EFED /* Sources */,
				CEF4477023F815270085EFED /* Frameworks */,
				CEF4477123F815270085EFED /* Resources */,
			);
			buildRules = (
			);
			dependencies = (
			);
			name = "Sound recording";
			productName = "Sound recording";
			productReference = CEF4477323F815270085EFED /* Sound recording.app */;
			productType = "com.apple.product-type.application";
		};
/* End PBXNativeTarget section */

/* Begin PBXProject section */
		CEF4476B23F815270085EFED /* Project object */ = {
			isa = PBXProject;
			attributes = {
				LastSwiftUpdateCheck = 1010;
				LastUpgradeCheck = 1010;
				ORGANIZATIONNAME = itMegastar;
				TargetAttributes = {
					CEF4477223F815270085EFED = {
						CreatedOnToolsVersion = 10.1;
					};
				};
			};
			buildConfigurationList = CEF4476E23F815270085EFED /* Build configuration list for PBXProject "Sound recording" */;
			compatibilityVersion = "Xcode 9.3";
			developmentRegion = en;
			hasScannedForEncodings = 0;
			knownRegions = (
				en,
				Base,
			);
			mainGroup = CEF4476A23F815270085EFED;
			productRefGroup = CEF4477423F815270085EFED /* Products */;
			projectDirPath = "";
			projectRoot = "";
			targets = (
				CEF4477223F815270085EFED /* Sound recording */,
			);
		};
/* End PBXProject section */

/* Begin PBXResourcesBuildPhase section */
		CEF4477123F815270085EFED /* Resources */ = {
			isa = PBXResourcesBuildPhase;
			buildActionMask = 2147483647;
			files = (
				CEF4478123F815290085EFED /* LaunchScreen.storyboard in Resources */,
				CEF4477E23F815290085EFED /* Assets.xcassets in Resources */,
				CEF4477C23F815270085EFED /* Main.storyboard in Resources */,
				5265AEEE240C2D0D004FBA16 /* CellAudio.xib in Resources */,
				528F2D9624101D4600ED220C /* TickCell.xib in Resources */,
			);
			runOnlyForDeploymentPostprocessing = 0;
		};
/* End PBXResourcesBuildPhase section */

/* Begin PBXSourcesBuildPhase section */
		CEF4476F23F815270085EFED /* Sources */ = {
			isa = PBXSourcesBuildPhase;
			buildActionMask = 2147483647;
			files = (
				CE80E58E23F816AF0084FE93 /* UIImageViewAndUIImage.swift in Sources */,
				CE80E59123F816AF0084FE93 /* UILabel.swift in Sources */,
				CE80E58A23F816AF0084FE93 /* UICollectionView.swift in Sources */,
				CE80E59923F816AF0084FE93 /* NSObject.swift in Sources */,
				CE80E59823F816AF0084FE93 /* Timer.swift in Sources */,
				CE80E59523F816AF0084FE93 /* Array.swift in Sources */,
				5292169223F96B2C00A96092 /* CALayer.swift in Sources */,
				528C5B1823F863EC00E0EF99 /* Int.swift in Sources */,
				CE80E59423F816AF0084FE93 /* Date.swift in Sources */,
				CE80E59A23F816AF0084FE93 /* Utils.swift in Sources */,
				CEA51BF523FAC47800B307FF /* CollectionTiks.swift in Sources */,
				CE80E5A223F817A20084FE93 /* SupportNotification.swift in Sources */,
				CE80E5A123F817A20084FE93 /* Constats.swift in Sources */,
				CE80E59023F816AF0084FE93 /* UIViewController.swift in Sources */,
				5265AEED240C2D0D004FBA16 /* CellAudio.swift in Sources */,
				CE80E59623F816AF0084FE93 /* FloatAbdDouble.swift in Sources */,
				CE80E58923F816AF0084FE93 /* UIView.swift in Sources */,
				CE80E58D23F816AF0084FE93 /* UITextField.swift in Sources */,
				CE80E59223F816AF0084FE93 /* UISegmentedControl.swift in Sources */,
				528F2D9524101D4600ED220C /* TickCell.swift in Sources */,
				CE80E58723F816AF0084FE93 /* UIScrollView.swift in Sources */,
				CEF4477923F815270085EFED /* ViewController.swift in Sources */,
				528F2D992410235D00ED220C /* ManagerRecord.swift in Sources */,
				CE80E59723F816AF0084FE93 /* StringAndCrypto.swift in Sources */,
				CEF4477723F815270085EFED /* AppDelegate.swift in Sources */,
				CE80E5A023F817A20084FE93 /* Vibro.swift in Sources */,
				CE80E58823F816AF0084FE93 /* UIWindows.swift in Sources */,
				CE80E58F23F816AF0084FE93 /* UIButton.swift in Sources */,
				CE80E58B23F816AF0084FE93 /* UITableView.swift in Sources */,
				CE80E58C23F816AF0084FE93 /* UIDevice.swift in Sources */,
			);
			runOnlyForDeploymentPostprocessing = 0;
		};
/* End PBXSourcesBuildPhase section */

/* Begin PBXVariantGroup section */
		CEF4477A23F815270085EFED /* Main.storyboard */ = {
			isa = PBXVariantGroup;
			children = (
				CEF4477B23F815270085EFED /* Base */,
			);
			name = Main.storyboard;
			sourceTree = "<group>";
		};
		CEF4477F23F815290085EFED /* LaunchScreen.storyboard */ = {
			isa = PBXVariantGroup;
			children = (
				CEF4478023F815290085EFED /* Base */,
			);
			name = LaunchScreen.storyboard;
			sourceTree = "<group>";
		};
/* End PBXVariantGroup section */

/* Begin XCBuildConfiguration section */
		CEF4478323F815290085EFED /* Debug */ = {
			isa = XCBuildConfiguration;
			buildSettings = {
				ALWAYS_SEARCH_USER_PATHS = NO;
				CLANG_ANALYZER_NONNULL = YES;
				CLANG_ANALYZER_NUMBER_OBJECT_CONVERSION = YES_AGGRESSIVE;
				CLANG_CXX_LANGUAGE_STANDARD = "gnu++14";
				CLANG_CXX_LIBRARY = "libc++";
				CLANG_ENABLE_MODULES = YES;
				CLANG_ENABLE_OBJC_ARC = YES;
				CLANG_ENABLE_OBJC_WEAK = YES;
				CLANG_WARN_BLOCK_CAPTURE_AUTORELEASING = YES;
				CLANG_WARN_BOOL_CONVERSION = YES;
				CLANG_WARN_COMMA = YES;
				CLANG_WARN_CONSTANT_CONVERSION = YES;
				CLANG_WARN_DEPRECATED_OBJC_IMPLEMENTATIONS = YES;
				CLANG_WARN_DIRECT_OBJC_ISA_USAGE = YES_ERROR;
				CLANG_WARN_DOCUMENTATION_COMMENTS = YES;
				CLANG_WARN_EMPTY_BODY = YES;
				CLANG_WARN_ENUM_CONVERSION = YES;
				CLANG_WARN_INFINITE_RECURSION = YES;
				CLANG_WARN_INT_CONVERSION = YES;
				CLANG_WARN_NON_LITERAL_NULL_CONVERSION = YES;
				CLANG_WARN_OBJC_IMPLICIT_RETAIN_SELF = YES;
				CLANG_WARN_OBJC_LITERAL_CONVERSION = YES;
				CLANG_WARN_OBJC_ROOT_CLASS = YES_ERROR;
				CLANG_WARN_RANGE_LOOP_ANALYSIS = YES;
				CLANG_WARN_STRICT_PROTOTYPES = YES;
				CLANG_WARN_SUSPICIOUS_MOVE = YES;
				CLANG_WARN_UNGUARDED_AVAILABILITY = YES_AGGRESSIVE;
				CLANG_WARN_UNREACHABLE_CODE = YES;
				CLANG_WARN__DUPLICATE_METHOD_MATCH = YES;
				CODE_SIGN_IDENTITY = "iPhone Developer";
				COPY_PHASE_STRIP = NO;
				DEBUG_INFORMATION_FORMAT = dwarf;
				ENABLE_STRICT_OBJC_MSGSEND = YES;
				ENABLE_TESTABILITY = YES;
				GCC_C_LANGUAGE_STANDARD = gnu11;
				GCC_DYNAMIC_NO_PIC = NO;
				GCC_NO_COMMON_BLOCKS = YES;
				GCC_OPTIMIZATION_LEVEL = 0;
				GCC_PREPROCESSOR_DEFINITIONS = (
					"DEBUG=1",
					"$(inherited)",
				);
				GCC_WARN_64_TO_32_BIT_CONVERSION = YES;
				GCC_WARN_ABOUT_RETURN_TYPE = YES_ERROR;
				GCC_WARN_UNDECLARED_SELECTOR = YES;
				GCC_WARN_UNINITIALIZED_AUTOS = YES_AGGRESSIVE;
				GCC_WARN_UNUSED_FUNCTION = YES;
				GCC_WARN_UNUSED_VARIABLE = YES;
				IPHONEOS_DEPLOYMENT_TARGET = 12.1;
				MTL_ENABLE_DEBUG_INFO = INCLUDE_SOURCE;
				MTL_FAST_MATH = YES;
				ONLY_ACTIVE_ARCH = YES;
				SDKROOT = iphoneos;
				SWIFT_ACTIVE_COMPILATION_CONDITIONS = DEBUG;
				SWIFT_OPTIMIZATION_LEVEL = "-Onone";
			};
			name = Debug;
		};
		CEF4478423F815290085EFED /* Release */ = {
			isa = XCBuildConfiguration;
			buildSettings = {
				ALWAYS_SEARCH_USER_PATHS = NO;
				CLANG_ANALYZER_NONNULL = YES;
				CLANG_ANALYZER_NUMBER_OBJECT_CONVERSION = YES_AGGRESSIVE;
				CLANG_CXX_LANGUAGE_STANDARD = "gnu++14";
				CLANG_CXX_LIBRARY = "libc++";
				CLANG_ENABLE_MODULES = YES;
				CLANG_ENABLE_OBJC_ARC = YES;
				CLANG_ENABLE_OBJC_WEAK = YES;
				CLANG_WARN_BLOCK_CAPTURE_AUTORELEASING = YES;
				CLANG_WARN_BOOL_CONVERSION = YES;
				CLANG_WARN_COMMA = YES;
				CLANG_WARN_CONSTANT_CONVERSION = YES;
				CLANG_WARN_DEPRECATED_OBJC_IMPLEMENTATIONS = YES;
				CLANG_WARN_DIRECT_OBJC_ISA_USAGE = YES_ERROR;
				CLANG_WARN_DOCUMENTATION_COMMENTS = YES;
				CLANG_WARN_EMPTY_BODY = YES;
				CLANG_WARN_ENUM_CONVERSION = YES;
				CLANG_WARN_INFINITE_RECURSION = YES;
				CLANG_WARN_INT_CONVERSION = YES;
				CLANG_WARN_NON_LITERAL_NULL_CONVERSION = YES;
				CLANG_WARN_OBJC_IMPLICIT_RETAIN_SELF = YES;
				CLANG_WARN_OBJC_LITERAL_CONVERSION = YES;
				CLANG_WARN_OBJC_ROOT_CLASS = YES_ERROR;
				CLANG_WARN_RANGE_LOOP_ANALYSIS = YES;
				CLANG_WARN_STRICT_PROTOTYPES = YES;
				CLANG_WARN_SUSPICIOUS_MOVE = YES;
				CLANG_WARN_UNGUARDED_AVAILABILITY = YES_AGGRESSIVE;
				CLANG_WARN_UNREACHABLE_CODE = YES;
				CLANG_WARN__DUPLICATE_METHOD_MATCH = YES;
				CODE_SIGN_IDENTITY = "iPhone Developer";
				COPY_PHASE_STRIP = NO;
				DEBUG_INFORMATION_FORMAT = "dwarf-with-dsym";
				ENABLE_NS_ASSERTIONS = NO;
				ENABLE_STRICT_OBJC_MSGSEND = YES;
				GCC_C_LANGUAGE_STANDARD = gnu11;
				GCC_NO_COMMON_BLOCKS = YES;
				GCC_WARN_64_TO_32_BIT_CONVERSION = YES;
				GCC_WARN_ABOUT_RETURN_TYPE = YES_ERROR;
				GCC_WARN_UNDECLARED_SELECTOR = YES;
				GCC_WARN_UNINITIALIZED_AUTOS = YES_AGGRESSIVE;
				GCC_WARN_UNUSED_FUNCTION = YES;
				GCC_WARN_UNUSED_VARIABLE = YES;
				IPHONEOS_DEPLOYMENT_TARGET = 12.1;
				MTL_ENABLE_DEBUG_INFO = NO;
				MTL_FAST_MATH = YES;
				SDKROOT = iphoneos;
				SWIFT_COMPILATION_MODE = wholemodule;
				SWIFT_OPTIMIZATION_LEVEL = "-O";
				VALIDATE_PRODUCT = YES;
			};
			name = Release;
		};
		CEF4478623F815290085EFED /* Debug */ = {
			isa = XCBuildConfiguration;
			buildSettings = {
				ASSETCATALOG_COMPILER_APPICON_NAME = AppIcon;
				CODE_SIGN_STYLE = Automatic;
				CURRENT_PROJECT_VERSION = 2;
				DEVELOPMENT_TEAM = Z96TS9T74Z;
				INFOPLIST_FILE = "$(SRCROOT)/Sound recording/Resourses/Info.plist";
				IPHONEOS_DEPLOYMENT_TARGET = 10.0;
				LD_RUNPATH_SEARCH_PATHS = (
					"$(inherited)",
					"@executable_path/Frameworks",
				);
				PRODUCT_BUNDLE_IDENTIFIER = "itMS.Sound-recording";
				PRODUCT_NAME = "$(TARGET_NAME)";
				SWIFT_VERSION = 4.2;
				TARGETED_DEVICE_FAMILY = 1;
			};
			name = Debug;
		};
		CEF4478723F815290085EFED /* Release */ = {
			isa = XCBuildConfiguration;
			buildSettings = {
				ASSETCATALOG_COMPILER_APPICON_NAME = AppIcon;
				CODE_SIGN_STYLE = Automatic;
				CURRENT_PROJECT_VERSION = 2;
				DEVELOPMENT_TEAM = Z96TS9T74Z;
				INFOPLIST_FILE = "$(SRCROOT)/Sound recording/Resourses/Info.plist";
				IPHONEOS_DEPLOYMENT_TARGET = 10.0;
				LD_RUNPATH_SEARCH_PATHS = (
					"$(inherited)",
					"@executable_path/Frameworks",
				);
				PRODUCT_BUNDLE_IDENTIFIER = "itMS.Sound-recording";
				PRODUCT_NAME = "$(TARGET_NAME)";
				SWIFT_VERSION = 4.2;
				TARGETED_DEVICE_FAMILY = 1;
			};
			name = Release;
		};
/* End XCBuildConfiguration section */

/* Begin XCConfigurationList section */
		CEF4476E23F815270085EFED /* Build configuration list for PBXProject "Sound recording" */ = {
			isa = XCConfigurationList;
			buildConfigurations = (
				CEF4478323F815290085EFED /* Debug */,
				CEF4478423F815290085EFED /* Release */,
			);
			defaultConfigurationIsVisible = 0;
			defaultConfigurationName = Release;
		};
		CEF4478523F815290085EFED /* Build configuration list for PBXNativeTarget "Sound recording" */ = {
			isa = XCConfigurationList;
			buildConfigurations = (
				CEF4478623F815290085EFED /* Debug */,
				CEF4478723F815290085EFED /* Release */,
			);
			defaultConfigurationIsVisible = 0;
			defaultConfigurationName = Release;
		};
/* End XCConfigurationList section */
	};
	rootObject = CEF4476B23F815270085EFED /* Project object */;
}
